
Microsoft Visual Studio Solution File, Format Version 12.00
# Visual Studio 14
VisualStudioVersion = 14.0.24720.0
MinimumVisualStudioVersion = 10.0.40219.1
Project("{FAE04EC0-301F-11D3-BF4B-00C04F79EFBC}") = "ZabbixService", "ZabbixService\ZabbixService.csproj", "{B3FA8A14-56ED-4156-B4B7-17347770F652}"
EndProject
Project("{FAE04EC0-301F-11D3-BF4B-00C04F79EFBC}") = "ZabbixApi", "ZabbixApi\ZabbixApi.csproj", "{AFEF345C-FC24-4EAD-B750-D04BE237B8A6}"
EndProject
Global
	GlobalSection(SolutionConfigurationPlatforms) = preSolution
		Debug|Any CPU = Debug|Any CPU
		Release|Any CPU = Release|Any CPU
	EndGlobalSection
	GlobalSection(ProjectConfigurationPlatforms) = postSolution
		{B3FA8A14-56ED-4156-B4B7-17347770F652}.Debug|Any CPU.ActiveCfg = Debug|Any CPU
		{B3FA8A14-56ED-4156-B4B7-17347770F652}.Debug|Any CPU.Build.0 = Debug|Any CPU
		{B3FA8A14-56ED-4156-B4B7-17347770F652}.Release|Any CPU.ActiveCfg = Release|Any CPU
		{B3FA8A14-56ED-4156-B4B7-17347770F652}.Release|Any CPU.Build.0 = Release|Any CPU
		{AFEF345C-FC24-4EAD-B750-D04BE237B8A6}.Debug|Any CPU.ActiveCfg = Debug|Any CPU
		{AFEF345C-FC24-4EAD-B750-D04BE237B8A6}.Debug|Any CPU.Build.0 = Debug|Any CPU
		{AFEF345C-FC24-4EAD-B750-D04BE237B8A6}.Release|Any CPU.ActiveCfg = Release|Any CPU
		{AFEF345C-FC24-4EAD-B750-D04BE237B8A6}.Release|Any CPU.Build.0 = Release|Any CPU
	EndGlobalSection
	GlobalSection(SolutionProperties) = preSolution
		HideSolutionNode = FALSE
	EndGlobalSection
EndGlobal
